
Microsoft Visual Studio Solution File, Format Version 12.00
# Visual Studio Version 16
VisualStudioVersion = 16.0.30611.23
MinimumVisualStudioVersion = 10.0.40219.1
Project("{FAE04EC0-301F-11D3-BF4B-00C04F79EFBC}") = "mazeTools", "mazeTools\mazeTools.csproj", "{B95EF0A0-9D1B-428F-9036-B376EEB014B7}"
EndProject
Global
	GlobalSection(SolutionConfigurationPlatforms) = preSolution
		Debug|Any CPU = Debug|Any CPU
		Release|Any CPU = Release|Any CPU
	EndGlobalSection
	GlobalSection(ProjectConfigurationPlatforms) = postSolution
		{B95EF0A0-9D1B-428F-9036-B376EEB014B7}.Debug|Any CPU.ActiveCfg = Debug|Any CPU
		{B95EF0A0-9D1B-428F-9036-B376EEB014B7}.Debug|Any CPU.Build.0 = Debug|Any CPU
		{B95EF0A0-9D1B-428F-9036-B376EEB014B7}.Release|Any CPU.ActiveCfg = Release|Any CPU
		{B95EF0A0-9D1B-428F-9036-B376EEB014B7}.Release|Any CPU.Build.0 = Release|Any CPU
	EndGlobalSection
	GlobalSection(SolutionProperties) = preSolution
		HideSolutionNode = FALSE
	EndGlobalSection
	GlobalSection(ExtensibilityGlobals) = postSolution
		SolutionGuid = {E74835E8-91D9-43FC-8B1D-CD5B822A0C79}
	EndGlobalSection
EndGlobal
