
Microsoft Visual Studio Solution File, Format Version 10.00
# Visual Studio 2008
Project("{FAE04EC0-301F-11D3-BF4B-00C04F79EFBC}") = "mazeTools", "mazeTools\mazeTools.csproj", "{B95EF0A0-9D1B-428F-9036-B376EEB014B7}"
EndProject
Global
	GlobalSection(SolutionConfigurationPlatforms) = preSolution
		Debug|Any CPU = Debug|Any CPU
		Release|Any CPU = Release|Any CPU
	EndGlobalSection
	GlobalSection(ProjectConfigurationPlatforms) = postSolution
		{B95EF0A0-9D1B-428F-9036-B376EEB014B7}.Debug|Any CPU.ActiveCfg = Debug|Any CPU
		{B95EF0A0-9D1B-428F-9036-B376EEB014B7}.Debug|Any CPU.Build.0 = Debug|Any CPU
		{B95EF0A0-9D1B-428F-9036-B376EEB014B7}.Release|Any CPU.ActiveCfg = Release|Any CPU
		{B95EF0A0-9D1B-428F-9036-B376EEB014B7}.Release|Any CPU.Build.0 = Release|Any CPU
	EndGlobalSection
	GlobalSection(SolutionProperties) = preSolution
		HideSolutionNode = FALSE
	EndGlobalSection
EndGlobal
